
Microsoft Visual Studio Solution File, Format Version 12.00
# Visual Studio 15
VisualStudioVersion = 15.0.28010.2036
MinimumVisualStudioVersion = 10.0.40219.1
Project("{FAE04EC0-301F-11D3-BF4B-00C04F79EFBC}") = "Expenses.Android", "Expenses\Expenses.Android\Expenses.Android.csproj", "{5F21A8C5-C0F0-4E3E-BDD7-A4FAB9899491}"
EndProject
Project("{FAE04EC0-301F-11D3-BF4B-00C04F79EFBC}") = "Expenses.iOS", "Expenses\Expenses.iOS\Expenses.iOS.csproj", "{BD14C4E8-03AD-4197-920D-013E61F9CA08}"
EndProject
Project("{FAE04EC0-301F-11D3-BF4B-00C04F79EFBC}") = "Expenses.UWP", "Expenses\Expenses.UWP\Expenses.UWP.csproj", "{07353EF9-CF03-4F7E-8FD5-C7E14F5ABBFB}"
EndProject
Project("{FAE04EC0-301F-11D3-BF4B-00C04F79EFBC}") = "Expenses", "Expenses\Expenses\Expenses.csproj", "{740A9B80-3D79-4A23-9A37-44477BF5C9BB}"
EndProject
Global
	GlobalSection(SolutionConfigurationPlatforms) = preSolution
		Ad-Hoc|Any CPU = Ad-Hoc|Any CPU
		Ad-Hoc|ARM = Ad-Hoc|ARM
		Ad-Hoc|iPhone = Ad-Hoc|iPhone
		Ad-Hoc|iPhoneSimulator = Ad-Hoc|iPhoneSimulator
		Ad-Hoc|x64 = Ad-Hoc|x64
		Ad-Hoc|x86 = Ad-Hoc|x86
		AppStore|Any CPU = AppStore|Any CPU
		AppStore|ARM = AppStore|ARM
		AppStore|iPhone = AppStore|iPhone
		AppStore|iPhoneSimulator = AppStore|iPhoneSimulator
		AppStore|x64 = AppStore|x64
		AppStore|x86 = AppStore|x86
		Debug|Any CPU = Debug|Any CPU
		Debug|ARM = Debug|ARM
		Debug|iPhone = Debug|iPhone
		Debug|iPhoneSimulator = Debug|iPhoneSimulator
		Debug|x64 = Debug|x64
		Debug|x86 = Debug|x86
		Release|Any CPU = Release|Any CPU
		Release|ARM = Release|ARM
		Release|iPhone = Release|iPhone
		Release|iPhoneSimulator = Release|iPhoneSimulator
		Release|x64 = Release|x64
		Release|x86 = Release|x86
	EndGlobalSection
	GlobalSection(ProjectConfigurationPlatforms) = postSolution
		{5F21A8C5-C0F0-4E3E-BDD7-A4FAB9899491}.Ad-Hoc|Any CPU.ActiveCfg = Release|Any CPU
		{5F21A8C5-C0F0-4E3E-BDD7-A4FAB9899491}.Ad-Hoc|Any CPU.Build.0 = Release|Any CPU
		{5F21A8C5-C0F0-4E3E-BDD7-A4FAB9899491}.Ad-Hoc|Any CPU.Deploy.0 = Release|Any CPU
		{5F21A8C5-C0F0-4E3E-BDD7-A4FAB9899491}.Ad-Hoc|ARM.ActiveCfg = Release|Any CPU
		{5F21A8C5-C0F0-4E3E-BDD7-A4FAB9899491}.Ad-Hoc|ARM.Build.0 = Release|Any CPU
		{5F21A8C5-C0F0-4E3E-BDD7-A4FAB9899491}.Ad-Hoc|ARM.Deploy.0 = Release|Any CPU
		{5F21A8C5-C0F0-4E3E-BDD7-A4FAB9899491}.Ad-Hoc|iPhone.ActiveCfg = Release|Any CPU
		{5F21A8C5-C0F0-4E3E-BDD7-A4FAB9899491}.Ad-Hoc|iPhone.Build.0 = Release|Any CPU
		{5F21A8C5-C0F0-4E3E-BDD7-A4FAB9899491}.Ad-Hoc|iPhone.Deploy.0 = Release|Any CPU
		{5F21A8C5-C0F0-4E3E-BDD7-A4FAB9899491}.Ad-Hoc|iPhoneSimulator.ActiveCfg = Release|Any CPU
		{5F21A8C5-C0F0-4E3E-BDD7-A4FAB9899491}.Ad-Hoc|iPhoneSimulator.Build.0 = Release|Any CPU
		{5F21A8C5-C0F0-4E3E-BDD7-A4FAB9899491}.Ad-Hoc|iPhoneSimulator.Deploy.0 = Release|Any CPU
		{5F21A8C5-C0F0-4E3E-BDD7-A4FAB9899491}.Ad-Hoc|x64.ActiveCfg = Release|Any CPU
		{5F21A8C5-C0F0-4E3E-BDD7-A4FAB9899491}.Ad-Hoc|x64.Build.0 = Release|Any CPU
		{5F21A8C5-C0F0-4E3E-BDD7-A4FAB9899491}.Ad-Hoc|x64.Deploy.0 = Release|Any CPU
		{5F21A8C5-C0F0-4E3E-BDD7-A4FAB9899491}.Ad-Hoc|x86.ActiveCfg = Release|Any CPU
		{5F21A8C5-C0F0-4E3E-BDD7-A4FAB9899491}.Ad-Hoc|x86.Build.0 = Release|Any CPU
		{5F21A8C5-C0F0-4E3E-BDD7-A4FAB9899491}.Ad-Hoc|x86.Deploy.0 = Release|Any CPU
		{5F21A8C5-C0F0-4E3E-BDD7-A4FAB9899491}.AppStore|Any CPU.ActiveCfg = Release|Any CPU
		{5F21A8C5-C0F0-4E3E-BDD7-A4FAB9899491}.AppStore|Any CPU.Build.0 = Release|Any CPU
		{5F21A8C5-C0F0-4E3E-BDD7-A4FAB9899491}.AppStore|Any CPU.Deploy.0 = Release|Any CPU
		{5F21A8C5-C0F0-4E3E-BDD7-A4FAB9899491}.AppStore|ARM.ActiveCfg = Release|Any CPU
		{5F21A8C5-C0F0-4E3E-BDD7-A4FAB9899491}.AppStore|ARM.Build.0 = Release|Any CPU
		{5F21A8C5-C0F0-4E3E-BDD7-A4FAB9899491}.AppStore|ARM.Deploy.0 = Release|Any CPU
		{5F21A8C5-C0F0-4E3E-BDD7-A4FAB9899491}.AppStore|iPhone.ActiveCfg = Release|Any CPU
		{5F21A8C5-C0F0-4E3E-BDD7-A4FAB9899491}.AppStore|iPhone.Build.0 = Release|Any CPU
		{5F21A8C5-C0F0-4E3E-BDD7-A4FAB9899491}.AppStore|iPhone.Deploy.0 = Release|Any CPU
		{5F21A8C5-C0F0-4E3E-BDD7-A4FAB9899491}.AppStore|iPhoneSimulator.ActiveCfg = Release|Any CPU
		{5F21A8C5-C0F0-4E3E-BDD7-A4FAB9899491}.AppStore|iPhoneSimulator.Build.0 = Release|Any CPU
		{5F21A8C5-C0F0-4E3E-BDD7-A4FAB9899491}.AppStore|iPhoneSimulator.Deploy.0 = Release|Any CPU
		{5F21A8C5-C0F0-4E3E-BDD7-A4FAB9899491}.AppStore|x64.ActiveCfg = Release|Any CPU
		{5F21A8C5-C0F0-4E3E-BDD7-A4FAB9899491}.AppStore|x64.Build.0 = Release|Any CPU
		{5F21A8C5-C0F0-4E3E-BDD7-A4FAB9899491}.AppStore|x64.Deploy.0 = Release|Any CPU
		{5F21A8C5-C0F0-4E3E-BDD7-A4FAB9899491}.AppStore|x86.ActiveCfg = Release|Any CPU
		{5F21A8C5-C0F0-4E3E-BDD7-A4FAB9899491}.AppStore|x86.Build.0 = Release|Any CPU
		{5F21A8C5-C0F0-4E3E-BDD7-A4FAB9899491}.AppStore|x86.Deploy.0 = Release|Any CPU
		{5F21A8C5-C0F0-4E3E-BDD7-A4FAB9899491}.Debug|Any CPU.ActiveCfg = Debug|Any CPU
		{5F21A8C5-C0F0-4E3E-BDD7-A4FAB9899491}.Debug|Any CPU.Build.0 = Debug|Any CPU
		{5F21A8C5-C0F0-4E3E-BDD7-A4FAB9899491}.Debug|Any CPU.Deploy.0 = Debug|Any CPU
		{5F21A8C5-C0F0-4E3E-BDD7-A4FAB9899491}.Debug|ARM.ActiveCfg = Debug|Any CPU
		{5F21A8C5-C0F0-4E3E-BDD7-A4FAB9899491}.Debug|ARM.Build.0 = Debug|Any CPU
		{5F21A8C5-C0F0-4E3E-BDD7-A4FAB9899491}.Debug|ARM.Deploy.0 = Debug|Any CPU
		{5F21A8C5-C0F0-4E3E-BDD7-A4FAB9899491}.Debug|iPhone.ActiveCfg = Debug|Any CPU
		{5F21A8C5-C0F0-4E3E-BDD7-A4FAB9899491}.Debug|iPhone.Build.0 = Debug|Any CPU
		{5F21A8C5-C0F0-4E3E-BDD7-A4FAB9899491}.Debug|iPhone.Deploy.0 = Debug|Any CPU
		{5F21A8C5-C0F0-4E3E-BDD7-A4FAB9899491}.Debug|iPhoneSimulator.ActiveCfg = Debug|Any CPU
		{5F21A8C5-C0F0-4E3E-BDD7-A4FAB9899491}.Debug|iPhoneSimulator.Build.0 = Debug|Any CPU
		{5F21A8C5-C0F0-4E3E-BDD7-A4FAB9899491}.Debug|iPhoneSimulator.Deploy.0 = Debug|Any CPU
		{5F21A8C5-C0F0-4E3E-BDD7-A4FAB9899491}.Debug|x64.ActiveCfg = Debug|Any CPU
		{5F21A8C5-C0F0-4E3E-BDD7-A4FAB9899491}.Debug|x64.Build.0 = Debug|Any CPU
		{5F21A8C5-C0F0-4E3E-BDD7-A4FAB9899491}.Debug|x64.Deploy.0 = Debug|Any CPU
		{5F21A8C5-C0F0-4E3E-BDD7-A4FAB9899491}.Debug|x86.ActiveCfg = Debug|Any CPU
		{5F21A8C5-C0F0-4E3E-BDD7-A4FAB9899491}.Debug|x86.Build.0 = Debug|Any CPU
		{5F21A8C5-C0F0-4E3E-BDD7-A4FAB9899491}.Debug|x86.Deploy.0 = Debug|Any CPU
		{5F21A8C5-C0F0-4E3E-BDD7-A4FAB9899491}.Release|Any CPU.ActiveCfg = Release|Any CPU
		{5F21A8C5-C0F0-4E3E-BDD7-A4FAB9899491}.Release|Any CPU.Build.0 = Release|Any CPU
		{5F21A8C5-C0F0-4E3E-BDD7-A4FAB9899491}.Release|Any CPU.Deploy.0 = Release|Any CPU
		{5F21A8C5-C0F0-4E3E-BDD7-A4FAB9899491}.Release|ARM.ActiveCfg = Release|Any CPU
		{5F21A8C5-C0F0-4E3E-BDD7-A4FAB9899491}.Release|ARM.Build.0 = Release|Any CPU
		{5F21A8C5-C0F0-4E3E-BDD7-A4FAB9899491}.Release|ARM.Deploy.0 = Release|Any CPU
		{5F21A8C5-C0F0-4E3E-BDD7-A4FAB9899491}.Release|iPhone.ActiveCfg = Release|Any CPU
		{5F21A8C5-C0F0-4E3E-BDD7-A4FAB9899491}.Release|iPhone.Build.0 = Release|Any CPU
		{5F21A8C5-C0F0-4E3E-BDD7-A4FAB9899491}.Release|iPhone.Deploy.0 = Release|Any CPU
		{5F21A8C5-C0F0-4E3E-BDD7-A4FAB9899491}.Release|iPhoneSimulator.ActiveCfg = Release|Any CPU
		{5F21A8C5-C0F0-4E3E-BDD7-A4FAB9899491}.Release|iPhoneSimulator.Build.0 = Release|Any CPU
		{5F21A8C5-C0F0-4E3E-BDD7-A4FAB9899491}.Release|iPhoneSimulator.Deploy.0 = Release|Any CPU
		{5F21A8C5-C0F0-4E3E-BDD7-A4FAB9899491}.Release|x64.ActiveCfg = Release|Any CPU
		{5F21A8C5-C0F0-4E3E-BDD7-A4FAB9899491}.Release|x64.Build.0 = Release|Any CPU
		{5F21A8C5-C0F0-4E3E-BDD7-A4FAB9899491}.Release|x64.Deploy.0 = Release|Any CPU
		{5F21A8C5-C0F0-4E3E-BDD7-A4FAB9899491}.Release|x86.ActiveCfg = Release|Any CPU
		{5F21A8C5-C0F0-4E3E-BDD7-A4FAB9899491}.Release|x86.Build.0 = Release|Any CPU
		{5F21A8C5-C0F0-4E3E-BDD7-A4FAB9899491}.Release|x86.Deploy.0 = Release|Any CPU
		{BD14C4E8-03AD-4197-920D-013E61F9CA08}.Ad-Hoc|Any CPU.ActiveCfg = Ad-Hoc|iPhone
		{BD14C4E8-03AD-4197-920D-013E61F9CA08}.Ad-Hoc|Any CPU.Build.0 = Ad-Hoc|iPhone
		{BD14C4E8-03AD-4197-920D-013E61F9CA08}.Ad-Hoc|Any CPU.Deploy.0 = Ad-Hoc|iPhone
		{BD14C4E8-03AD-4197-920D-013E61F9CA08}.Ad-Hoc|ARM.ActiveCfg = Ad-Hoc|iPhone
		{BD14C4E8-03AD-4197-920D-013E61F9CA08}.Ad-Hoc|ARM.Build.0 = Ad-Hoc|iPhone
		{BD14C4E8-03AD-4197-920D-013E61F9CA08}.Ad-Hoc|ARM.Deploy.0 = Ad-Hoc|iPhone
		{BD14C4E8-03AD-4197-920D-013E61F9CA08}.Ad-Hoc|iPhone.ActiveCfg = Ad-Hoc|iPhone
		{BD14C4E8-03AD-4197-920D-013E61F9CA08}.Ad-Hoc|iPhone.Build.0 = Ad-Hoc|iPhone
		{BD14C4E8-03AD-4197-920D-013E61F9CA08}.Ad-Hoc|iPhone.Deploy.0 = Ad-Hoc|iPhone
		{BD14C4E8-03AD-4197-920D-013E61F9CA08}.Ad-Hoc|iPhoneSimulator.ActiveCfg = Ad-Hoc|iPhoneSimulator
		{BD14C4E8-03AD-4197-920D-013E61F9CA08}.Ad-Hoc|iPhoneSimulator.Build.0 = Ad-Hoc|iPhoneSimulator
		{BD14C4E8-03AD-4197-920D-013E61F9CA08}.Ad-Hoc|iPhoneSimulator.Deploy.0 = Ad-Hoc|iPhoneSimulator
		{BD14C4E8-03AD-4197-920D-013E61F9CA08}.Ad-Hoc|x64.ActiveCfg = Ad-Hoc|iPhone
		{BD14C4E8-03AD-4197-920D-013E61F9CA08}.Ad-Hoc|x64.Build.0 = Ad-Hoc|iPhone
		{BD14C4E8-03AD-4197-920D-013E61F9CA08}.Ad-Hoc|x64.Deploy.0 = Ad-Hoc|iPhone
		{BD14C4E8-03AD-4197-920D-013E61F9CA08}.Ad-Hoc|x86.ActiveCfg = Ad-Hoc|iPhone
		{BD14C4E8-03AD-4197-920D-013E61F9CA08}.Ad-Hoc|x86.Build.0 = Ad-Hoc|iPhone
		{BD14C4E8-03AD-4197-920D-013E61F9CA08}.Ad-Hoc|x86.Deploy.0 = Ad-Hoc|iPhone
		{BD14C4E8-03AD-4197-920D-013E61F9CA08}.AppStore|Any CPU.ActiveCfg = AppStore|iPhone
		{BD14C4E8-03AD-4197-920D-013E61F9CA08}.AppStore|Any CPU.Build.0 = AppStore|iPhone
		{BD14C4E8-03AD-4197-920D-013E61F9CA08}.AppStore|Any CPU.Deploy.0 = AppStore|iPhone
		{BD14C4E8-03AD-4197-920D-013E61F9CA08}.AppStore|ARM.ActiveCfg = AppStore|iPhone
		{BD14C4E8-03AD-4197-920D-013E61F9CA08}.AppStore|ARM.Build.0 = AppStore|iPhone
		{BD14C4E8-03AD-4197-920D-013E61F9CA08}.AppStore|ARM.Deploy.0 = AppStore|iPhone
		{BD14C4E8-03AD-4197-920D-013E61F9CA08}.AppStore|iPhone.ActiveCfg = AppStore|iPhone
		{BD14C4E8-03AD-4197-920D-013E61F9CA08}.AppStore|iPhone.Build.0 = AppStore|iPhone
		{BD14C4E8-03AD-4197-920D-013E61F9CA08}.AppStore|iPhone.Deploy.0 = AppStore|iPhone
		{BD14C4E8-03AD-4197-920D-013E61F9CA08}.AppStore|iPhoneSimulator.ActiveCfg = AppStore|iPhoneSimulator
		{BD14C4E8-03AD-4197-920D-013E61F9CA08}.AppStore|iPhoneSimulator.Build.0 = AppStore|iPhoneSimulator
		{BD14C4E8-03AD-4197-920D-013E61F9CA08}.AppStore|iPhoneSimulator.Deploy.0 = AppStore|iPhoneSimulator
		{BD14C4E8-03AD-4197-920D-013E61F9CA08}.AppStore|x64.ActiveCfg = AppStore|iPhone
		{BD14C4E8-03AD-4197-920D-013E61F9CA08}.AppStore|x64.Build.0 = AppStore|iPhone
		{BD14C4E8-03AD-4197-920D-013E61F9CA08}.AppStore|x64.Deploy.0 = AppStore|iPhone
		{BD14C4E8-03AD-4197-920D-013E61F9CA08}.AppStore|x86.ActiveCfg = AppStore|iPhone
		{BD14C4E8-03AD-4197-920D-013E61F9CA08}.AppStore|x86.Build.0 = AppStore|iPhone
		{BD14C4E8-03AD-4197-920D-013E61F9CA08}.AppStore|x86.Deploy.0 = AppStore|iPhone
		{BD14C4E8-03AD-4197-920D-013E61F9CA08}.Debug|Any CPU.ActiveCfg = Debug|iPhoneSimulator
		{BD14C4E8-03AD-4197-920D-013E61F9CA08}.Debug|Any CPU.Build.0 = Debug|iPhoneSimulator
		{BD14C4E8-03AD-4197-920D-013E61F9CA08}.Debug|Any CPU.Deploy.0 = Debug|iPhoneSimulator
		{BD14C4E8-03AD-4197-920D-013E61F9CA08}.Debug|ARM.ActiveCfg = Debug|iPhone
		{BD14C4E8-03AD-4197-920D-013E61F9CA08}.Debug|ARM.Build.0 = Debug|iPhone
		{BD14C4E8-03AD-4197-920D-013E61F9CA08}.Debug|ARM.Deploy.0 = Debug|iPhone
		{BD14C4E8-03AD-4197-920D-013E61F9CA08}.Debug|iPhone.ActiveCfg = Debug|iPhone
		{BD14C4E8-03AD-4197-920D-013E61F9CA08}.Debug|iPhone.Build.0 = Debug|iPhone
		{BD14C4E8-03AD-4197-920D-013E61F9CA08}.Debug|iPhone.Deploy.0 = Debug|iPhone
		{BD14C4E8-03AD-4197-920D-013E61F9CA08}.Debug|iPhoneSimulator.ActiveCfg = Debug|iPhoneSimulator
		{BD14C4E8-03AD-4197-920D-013E61F9CA08}.Debug|iPhoneSimulator.Build.0 = Debug|iPhoneSimulator
		{BD14C4E8-03AD-4197-920D-013E61F9CA08}.Debug|iPhoneSimulator.Deploy.0 = Debug|iPhoneSimulator
		{BD14C4E8-03AD-4197-920D-013E61F9CA08}.Debug|x64.ActiveCfg = Debug|iPhone
		{BD14C4E8-03AD-4197-920D-013E61F9CA08}.Debug|x64.Build.0 = Debug|iPhone
		{BD14C4E8-03AD-4197-920D-013E61F9CA08}.Debug|x64.Deploy.0 = Debug|iPhone
		{BD14C4E8-03AD-4197-920D-013E61F9CA08}.Debug|x86.ActiveCfg = Debug|iPhone
		{BD14C4E8-03AD-4197-920D-013E61F9CA08}.Debug|x86.Build.0 = Debug|iPhone
		{BD14C4E8-03AD-4197-920D-013E61F9CA08}.Debug|x86.Deploy.0 = Debug|iPhone
		{BD14C4E8-03AD-4197-920D-013E61F9CA08}.Release|Any CPU.ActiveCfg = Release|iPhone
		{BD14C4E8-03AD-4197-920D-013E61F9CA08}.Release|Any CPU.Build.0 = Release|iPhone
		{BD14C4E8-03AD-4197-920D-013E61F9CA08}.Release|Any CPU.Deploy.0 = Release|iPhone
		{BD14C4E8-03AD-4197-920D-013E61F9CA08}.Release|ARM.ActiveCfg = Release|iPhone
		{BD14C4E8-03AD-4197-920D-013E61F9CA08}.Release|ARM.Build.0 = Release|iPhone
		{BD14C4E8-03AD-4197-920D-013E61F9CA08}.Release|ARM.Deploy.0 = Release|iPhone
		{BD14C4E8-03AD-4197-920D-013E61F9CA08}.Release|iPhone.ActiveCfg = Release|iPhone
		{BD14C4E8-03AD-4197-920D-013E61F9CA08}.Release|iPhone.Build.0 = Release|iPhone
		{BD14C4E8-03AD-4197-920D-013E61F9CA08}.Release|iPhone.Deploy.0 = Release|iPhone
		{BD14C4E8-03AD-4197-920D-013E61F9CA08}.Release|iPhoneSimulator.ActiveCfg = Release|iPhoneSimulator
		{BD14C4E8-03AD-4197-920D-013E61F9CA08}.Release|iPhoneSimulator.Build.0 = Release|iPhoneSimulator
		{BD14C4E8-03AD-4197-920D-013E61F9CA08}.Release|iPhoneSimulator.Deploy.0 = Release|iPhoneSimulator
		{BD14C4E8-03AD-4197-920D-013E61F9CA08}.Release|x64.ActiveCfg = Release|iPhone
		{BD14C4E8-03AD-4197-920D-013E61F9CA08}.Release|x64.Build.0 = Release|iPhone
		{BD14C4E8-03AD-4197-920D-013E61F9CA08}.Release|x64.Deploy.0 = Release|iPhone
		{BD14C4E8-03AD-4197-920D-013E61F9CA08}.Release|x86.ActiveCfg = Release|iPhone
		{BD14C4E8-03AD-4197-920D-013E61F9CA08}.Release|x86.Build.0 = Release|iPhone
		{BD14C4E8-03AD-4197-920D-013E61F9CA08}.Release|x86.Deploy.0 = Release|iPhone
		{07353EF9-CF03-4F7E-8FD5-C7E14F5ABBFB}.Ad-Hoc|Any CPU.ActiveCfg = Release|x86
		{07353EF9-CF03-4F7E-8FD5-C7E14F5ABBFB}.Ad-Hoc|Any CPU.Build.0 = Release|x86
		{07353EF9-CF03-4F7E-8FD5-C7E14F5ABBFB}.Ad-Hoc|Any CPU.Deploy.0 = Release|x86
		{07353EF9-CF03-4F7E-8FD5-C7E14F5ABBFB}.Ad-Hoc|ARM.ActiveCfg = Release|ARM
		{07353EF9-CF03-4F7E-8FD5-C7E14F5ABBFB}.Ad-Hoc|ARM.Build.0 = Release|ARM
		{07353EF9-CF03-4F7E-8FD5-C7E14F5ABBFB}.Ad-Hoc|ARM.Deploy.0 = Release|ARM
		{07353EF9-CF03-4F7E-8FD5-C7E14F5ABBFB}.Ad-Hoc|iPhone.ActiveCfg = Release|x86
		{07353EF9-CF03-4F7E-8FD5-C7E14F5ABBFB}.Ad-Hoc|iPhone.Build.0 = Release|x86
		{07353EF9-CF03-4F7E-8FD5-C7E14F5ABBFB}.Ad-Hoc|iPhone.Deploy.0 = Release|x86
		{07353EF9-CF03-4F7E-8FD5-C7E14F5ABBFB}.Ad-Hoc|iPhoneSimulator.ActiveCfg = Release|x86
		{07353EF9-CF03-4F7E-8FD5-C7E14F5ABBFB}.Ad-Hoc|iPhoneSimulator.Build.0 = Release|x86
		{07353EF9-CF03-4F7E-8FD5-C7E14F5ABBFB}.Ad-Hoc|iPhoneSimulator.Deploy.0 = Release|x86
		{07353EF9-CF03-4F7E-8FD5-C7E14F5ABBFB}.Ad-Hoc|x64.ActiveCfg = Release|x64
		{07353EF9-CF03-4F7E-8FD5-C7E14F5ABBFB}.Ad-Hoc|x64.Build.0 = Release|x64
		{07353EF9-CF03-4F7E-8FD5-C7E14F5ABBFB}.Ad-Hoc|x64.Deploy.0 = Release|x64
		{07353EF9-CF03-4F7E-8FD5-C7E14F5ABBFB}.Ad-Hoc|x86.ActiveCfg = Release|x86
		{07353EF9-CF03-4F7E-8FD5-C7E14F5ABBFB}.Ad-Hoc|x86.Build.0 = Release|x86
		{07353EF9-CF03-4F7E-8FD5-C7E14F5ABBFB}.Ad-Hoc|x86.Deploy.0 = Release|x86
		{07353EF9-CF03-4F7E-8FD5-C7E14F5ABBFB}.AppStore|Any CPU.ActiveCfg = Release|x86
		{07353EF9-CF03-4F7E-8FD5-C7E14F5ABBFB}.AppStore|Any CPU.Build.0 = Release|x86
		{07353EF9-CF03-4F7E-8FD5-C7E14F5ABBFB}.AppStore|Any CPU.Deploy.0 = Release|x86
		{07353EF9-CF03-4F7E-8FD5-C7E14F5ABBFB}.AppStore|ARM.ActiveCfg = Release|ARM
		{07353EF9-CF03-4F7E-8FD5-C7E14F5ABBFB}.AppStore|ARM.Build.0 = Release|ARM
		{07353EF9-CF03-4F7E-8FD5-C7E14F5ABBFB}.AppStore|ARM.Deploy.0 = Release|ARM
		{07353EF9-CF03-4F7E-8FD5-C7E14F5ABBFB}.AppStore|iPhone.ActiveCfg = Release|x86
		{07353EF9-CF03-4F7E-8FD5-C7E14F5ABBFB}.AppStore|iPhone.Build.0 = Release|x86
		{07353EF9-CF03-4F7E-8FD5-C7E14F5ABBFB}.AppStore|iPhone.Deploy.0 = Release|x86
		{07353EF9-CF03-4F7E-8FD5-C7E14F5ABBFB}.AppStore|iPhoneSimulator.ActiveCfg = Release|x86
		{07353EF9-CF03-4F7E-8FD5-C7E14F5ABBFB}.AppStore|iPhoneSimulator.Build.0 = Release|x86
		{07353EF9-CF03-4F7E-8FD5-C7E14F5ABBFB}.AppStore|iPhoneSimulator.Deploy.0 = Release|x86
		{07353EF9-CF03-4F7E-8FD5-C7E14F5ABBFB}.AppStore|x64.ActiveCfg = Release|x64
		{07353EF9-CF03-4F7E-8FD5-C7E14F5ABBFB}.AppStore|x64.Build.0 = Release|x64
		{07353EF9-CF03-4F7E-8FD5-C7E14F5ABBFB}.AppStore|x64.Deploy.0 = Release|x64
		{07353EF9-CF03-4F7E-8FD5-C7E14F5ABBFB}.AppStore|x86.ActiveCfg = Release|x86
		{07353EF9-CF03-4F7E-8FD5-C7E14F5ABBFB}.AppStore|x86.Build.0 = Release|x86
		{07353EF9-CF03-4F7E-8FD5-C7E14F5ABBFB}.AppStore|x86.Deploy.0 = Release|x86
		{07353EF9-CF03-4F7E-8FD5-C7E14F5ABBFB}.Debug|Any CPU.ActiveCfg = Debug|x86
		{07353EF9-CF03-4F7E-8FD5-C7E14F5ABBFB}.Debug|Any CPU.Build.0 = Debug|x86
		{07353EF9-CF03-4F7E-8FD5-C7E14F5ABBFB}.Debug|Any CPU.Deploy.0 = Debug|x86
		{07353EF9-CF03-4F7E-8FD5-C7E14F5ABBFB}.Debug|ARM.ActiveCfg = Debug|ARM
		{07353EF9-CF03-4F7E-8FD5-C7E14F5ABBFB}.Debug|ARM.Build.0 = Debug|ARM
		{07353EF9-CF03-4F7E-8FD5-C7E14F5ABBFB}.Debug|ARM.Deploy.0 = Debug|ARM
		{07353EF9-CF03-4F7E-8FD5-C7E14F5ABBFB}.Debug|iPhone.ActiveCfg = Debug|x86
		{07353EF9-CF03-4F7E-8FD5-C7E14F5ABBFB}.Debug|iPhone.Build.0 = Debug|x86
		{07353EF9-CF03-4F7E-8FD5-C7E14F5ABBFB}.Debug|iPhone.Deploy.0 = Debug|x86
		{07353EF9-CF03-4F7E-8FD5-C7E14F5ABBFB}.Debug|iPhoneSimulator.ActiveCfg = Debug|x86
		{07353EF9-CF03-4F7E-8FD5-C7E14F5ABBFB}.Debug|iPhoneSimulator.Build.0 = Debug|x86
		{07353EF9-CF03-4F7E-8FD5-C7E14F5ABBFB}.Debug|iPhoneSimulator.Deploy.0 = Debug|x86
		{07353EF9-CF03-4F7E-8FD5-C7E14F5ABBFB}.Debug|x64.ActiveCfg = Debug|x64
		{07353EF9-CF03-4F7E-8FD5-C7E14F5ABBFB}.Debug|x64.Build.0 = Debug|x64
		{07353EF9-CF03-4F7E-8FD5-C7E14F5ABBFB}.Debug|x64.Deploy.0 = Debug|x64
		{07353EF9-CF03-4F7E-8FD5-C7E14F5ABBFB}.Debug|x86.ActiveCfg = Debug|x86
		{07353EF9-CF03-4F7E-8FD5-C7E14F5ABBFB}.Debug|x86.Build.0 = Debug|x86
		{07353EF9-CF03-4F7E-8FD5-C7E14F5ABBFB}.Debug|x86.Deploy.0 = Debug|x86
		{07353EF9-CF03-4F7E-8FD5-C7E14F5ABBFB}.Release|Any CPU.ActiveCfg = Release|x86
		{07353EF9-CF03-4F7E-8FD5-C7E14F5ABBFB}.Release|Any CPU.Build.0 = Release|x86
		{07353EF9-CF03-4F7E-8FD5-C7E14F5ABBFB}.Release|Any CPU.Deploy.0 = Release|x86
		{07353EF9-CF03-4F7E-8FD5-C7E14F5ABBFB}.Release|ARM.ActiveCfg = Release|ARM
		{07353EF9-CF03-4F7E-8FD5-C7E14F5ABBFB}.Release|ARM.Build.0 = Release|ARM
		{07353EF9-CF03-4F7E-8FD5-C7E14F5ABBFB}.Release|ARM.Deploy.0 = Release|ARM
		{07353EF9-CF03-4F7E-8FD5-C7E14F5ABBFB}.Release|iPhone.ActiveCfg = Release|x86
		{07353EF9-CF03-4F7E-8FD5-C7E14F5ABBFB}.Release|iPhone.Build.0 = Release|x86
		{07353EF9-CF03-4F7E-8FD5-C7E14F5ABBFB}.Release|iPhone.Deploy.0 = Release|x86
		{07353EF9-CF03-4F7E-8FD5-C7E14F5ABBFB}.Release|iPhoneSimulator.ActiveCfg = Release|x86
		{07353EF9-CF03-4F7E-8FD5-C7E14F5ABBFB}.Release|iPhoneSimulator.Build.0 = Release|x86
		{07353EF9-CF03-4F7E-8FD5-C7E14F5ABBFB}.Release|iPhoneSimulator.Deploy.0 = Release|x86
		{07353EF9-CF03-4F7E-8FD5-C7E14F5ABBFB}.Release|x64.ActiveCfg = Release|x64
		{07353EF9-CF03-4F7E-8FD5-C7E14F5ABBFB}.Release|x64.Build.0 = Release|x64
		{07353EF9-CF03-4F7E-8FD5-C7E14F5ABBFB}.Release|x64.Deploy.0 = Release|x64
		{07353EF9-CF03-4F7E-8FD5-C7E14F5ABBFB}.Release|x86.ActiveCfg = Release|x86
		{07353EF9-CF03-4F7E-8FD5-C7E14F5ABBFB}.Release|x86.Build.0 = Release|x86
		{07353EF9-CF03-4F7E-8FD5-C7E14F5ABBFB}.Release|x86.Deploy.0 = Release|x86
		{740A9B80-3D79-4A23-9A37-44477BF5C9BB}.Ad-Hoc|Any CPU.ActiveCfg = Debug|Any CPU
		{740A9B80-3D79-4A23-9A37-44477BF5C9BB}.Ad-Hoc|Any CPU.Build.0 = Debug|Any CPU
		{740A9B80-3D79-4A23-9A37-44477BF5C9BB}.Ad-Hoc|Any CPU.Deploy.0 = Debug|Any CPU
		{740A9B80-3D79-4A23-9A37-44477BF5C9BB}.Ad-Hoc|ARM.ActiveCfg = Debug|Any CPU
		{740A9B80-3D79-4A23-9A37-44477BF5C9BB}.Ad-Hoc|ARM.Build.0 = Debug|Any CPU
		{740A9B80-3D79-4A23-9A37-44477BF5C9BB}.Ad-Hoc|ARM.Deploy.0 = Debug|Any CPU
		{740A9B80-3D79-4A23-9A37-44477BF5C9BB}.Ad-Hoc|iPhone.ActiveCfg = Debug|Any CPU
		{740A9B80-3D79-4A23-9A37-44477BF5C9BB}.Ad-Hoc|iPhone.Build.0 = Debug|Any CPU
		{740A9B80-3D79-4A23-9A37-44477BF5C9BB}.Ad-Hoc|iPhone.Deploy.0 = Debug|Any CPU
		{740A9B80-3D79-4A23-9A37-44477BF5C9BB}.Ad-Hoc|iPhoneSimulator.ActiveCfg = Debug|Any CPU
		{740A9B80-3D79-4A23-9A37-44477BF5C9BB}.Ad-Hoc|iPhoneSimulator.Build.0 = Debug|Any CPU
		{740A9B80-3D79-4A23-9A37-44477BF5C9BB}.Ad-Hoc|iPhoneSimulator.Deploy.0 = Debug|Any CPU
		{740A9B80-3D79-4A23-9A37-44477BF5C9BB}.Ad-Hoc|x64.ActiveCfg = Debug|Any CPU
		{740A9B80-3D79-4A23-9A37-44477BF5C9BB}.Ad-Hoc|x64.Build.0 = Debug|Any CPU
		{740A9B80-3D79-4A23-9A37-44477BF5C9BB}.Ad-Hoc|x64.Deploy.0 = Debug|Any CPU
		{740A9B80-3D79-4A23-9A37-44477BF5C9BB}.Ad-Hoc|x86.ActiveCfg = Debug|Any CPU
		{740A9B80-3D79-4A23-9A37-44477BF5C9BB}.Ad-Hoc|x86.Build.0 = Debug|Any CPU
		{740A9B80-3D79-4A23-9A37-44477BF5C9BB}.Ad-Hoc|x86.Deploy.0 = Debug|Any CPU
		{740A9B80-3D79-4A23-9A37-44477BF5C9BB}.AppStore|Any CPU.ActiveCfg = Debug|Any CPU
		{740A9B80-3D79-4A23-9A37-44477BF5C9BB}.AppStore|Any CPU.Build.0 = Debug|Any CPU
		{740A9B80-3D79-4A23-9A37-44477BF5C9BB}.AppStore|Any CPU.Deploy.0 = Debug|Any CPU
		{740A9B80-3D79-4A23-9A37-44477BF5C9BB}.AppStore|ARM.ActiveCfg = Debug|Any CPU
		{740A9B80-3D79-4A23-9A37-44477BF5C9BB}.AppStore|ARM.Build.0 = Debug|Any CPU
		{740A9B80-3D79-4A23-9A37-44477BF5C9BB}.AppStore|ARM.Deploy.0 = Debug|Any CPU
		{740A9B80-3D79-4A23-9A37-44477BF5C9BB}.AppStore|iPhone.ActiveCfg = Debug|Any CPU
		{740A9B80-3D79-4A23-9A37-44477BF5C9BB}.AppStore|iPhone.Build.0 = Debug|Any CPU
		{740A9B80-3D79-4A23-9A37-44477BF5C9BB}.AppStore|iPhone.Deploy.0 = Debug|Any CPU
		{740A9B80-3D79-4A23-9A37-44477BF5C9BB}.AppStore|iPhoneSimulator.ActiveCfg = Debug|Any CPU
		{740A9B80-3D79-4A23-9A37-44477BF5C9BB}.AppStore|iPhoneSimulator.Build.0 = Debug|Any CPU
		{740A9B80-3D79-4A23-9A37-44477BF5C9BB}.AppStore|iPhoneSimulator.Deploy.0 = Debug|Any CPU
		{740A9B80-3D79-4A23-9A37-44477BF5C9BB}.AppStore|x64.ActiveCfg = Debug|Any CPU
		{740A9B80-3D79-4A23-9A37-44477BF5C9BB}.AppStore|x64.Build.0 = Debug|Any CPU
		{740A9B80-3D79-4A23-9A37-44477BF5C9BB}.AppStore|x64.Deploy.0 = Debug|Any CPU
		{740A9B80-3D79-4A23-9A37-44477BF5C9BB}.AppStore|x86.ActiveCfg = Debug|Any CPU
		{740A9B80-3D79-4A23-9A37-44477BF5C9BB}.AppStore|x86.Build.0 = Debug|Any CPU
		{740A9B80-3D79-4A23-9A37-44477BF5C9BB}.AppStore|x86.Deploy.0 = Debug|Any CPU
		{740A9B80-3D79-4A23-9A37-44477BF5C9BB}.Debug|Any CPU.ActiveCfg = Debug|Any CPU
		{740A9B80-3D79-4A23-9A37-44477BF5C9BB}.Debug|Any CPU.Build.0 = Debug|Any CPU
		{740A9B80-3D79-4A23-9A37-44477BF5C9BB}.Debug|Any CPU.Deploy.0 = Debug|Any CPU
		{740A9B80-3D79-4A23-9A37-44477BF5C9BB}.Debug|ARM.ActiveCfg = Debug|Any CPU
		{740A9B80-3D79-4A23-9A37-44477BF5C9BB}.Debug|ARM.Build.0 = Debug|Any CPU
		{740A9B80-3D79-4A23-9A37-44477BF5C9BB}.Debug|ARM.Deploy.0 = Debug|Any CPU
		{740A9B80-3D79-4A23-9A37-44477BF5C9BB}.Debug|iPhone.ActiveCfg = Debug|Any CPU
		{740A9B80-3D79-4A23-9A37-44477BF5C9BB}.Debug|iPhone.Build.0 = Debug|Any CPU
		{740A9B80-3D79-4A23-9A37-44477BF5C9BB}.Debug|iPhone.Deploy.0 = Debug|Any CPU
		{740A9B80-3D79-4A23-9A37-44477BF5C9BB}.Debug|iPhoneSimulator.ActiveCfg = Debug|Any CPU
		{740A9B80-3D79-4A23-9A37-44477BF5C9BB}.Debug|iPhoneSimulator.Build.0 = Debug|Any CPU
		{740A9B80-3D79-4A23-9A37-44477BF5C9BB}.Debug|iPhoneSimulator.Deploy.0 = Debug|Any CPU
		{740A9B80-3D79-4A23-9A37-44477BF5C9BB}.Debug|x64.ActiveCfg = Debug|Any CPU
		{740A9B80-3D79-4A23-9A37-44477BF5C9BB}.Debug|x64.Build.0 = Debug|Any CPU
		{740A9B80-3D79-4A23-9A37-44477BF5C9BB}.Debug|x64.Deploy.0 = Debug|Any CPU
		{740A9B80-3D79-4A23-9A37-44477BF5C9BB}.Debug|x86.ActiveCfg = Debug|Any CPU
		{740A9B80-3D79-4A23-9A37-44477BF5C9BB}.Debug|x86.Build.0 = Debug|Any CPU
		{740A9B80-3D79-4A23-9A37-44477BF5C9BB}.Debug|x86.Deploy.0 = Debug|Any CPU
		{740A9B80-3D79-4A23-9A37-44477BF5C9BB}.Release|Any CPU.ActiveCfg = Release|Any CPU
		{740A9B80-3D79-4A23-9A37-44477BF5C9BB}.Release|Any CPU.Build.0 = Release|Any CPU
		{740A9B80-3D79-4A23-9A37-44477BF5C9BB}.Release|Any CPU.Deploy.0 = Release|Any CPU
		{740A9B80-3D79-4A23-9A37-44477BF5C9BB}.Release|ARM.ActiveCfg = Release|Any CPU
		{740A9B80-3D79-4A23-9A37-44477BF5C9BB}.Release|ARM.Build.0 = Release|Any CPU
		{740A9B80-3D79-4A23-9A37-44477BF5C9BB}.Release|ARM.Deploy.0 = Release|Any CPU
		{740A9B80-3D79-4A23-9A37-44477BF5C9BB}.Release|iPhone.ActiveCfg = Release|Any CPU
		{740A9B80-3D79-4A23-9A37-44477BF5C9BB}.Release|iPhone.Build.0 = Release|Any CPU
		{740A9B80-3D79-4A23-9A37-44477BF5C9BB}.Release|iPhone.Deploy.0 = Release|Any CPU
		{740A9B80-3D79-4A23-9A37-44477BF5C9BB}.Release|iPhoneSimulator.ActiveCfg = Release|Any CPU
		{740A9B80-3D79-4A23-9A37-44477BF5C9BB}.Release|iPhoneSimulator.Build.0 = Release|Any CPU
		{740A9B80-3D79-4A23-9A37-44477BF5C9BB}.Release|iPhoneSimulator.Deploy.0 = Release|Any CPU
		{740A9B80-3D79-4A23-9A37-44477BF5C9BB}.Release|x64.ActiveCfg = Release|Any CPU
		{740A9B80-3D79-4A23-9A37-44477BF5C9BB}.Release|x64.Build.0 = Release|Any CPU
		{740A9B80-3D79-4A23-9A37-44477BF5C9BB}.Release|x64.Deploy.0 = Release|Any CPU
		{740A9B80-3D79-4A23-9A37-44477BF5C9BB}.Release|x86.ActiveCfg = Release|Any CPU
		{740A9B80-3D79-4A23-9A37-44477BF5C9BB}.Release|x86.Build.0 = Release|Any CPU
		{740A9B80-3D79-4A23-9A37-44477BF5C9BB}.Release|x86.Deploy.0 = Release|Any CPU
	EndGlobalSection
	GlobalSection(SolutionProperties) = preSolution
		HideSolutionNode = FALSE
	EndGlobalSection
	GlobalSection(ExtensibilityGlobals) = postSolution
		SolutionGuid = {64FA6E0D-8FB4-4C80-9E0A-7B9373AFB6D1}
	EndGlobalSection
EndGlobal
